
Microsoft Visual Studio Solution File, Format Version 12.00
# Visual Studio Version 17
VisualStudioVersion = 17.2.32616.157
MinimumVisualStudioVersion = 10.0.40219.1
Project("{9A19103F-16F7-4668-BE54-9A1E7A4F7556}") = "NIF", "src\NIF\NIF.csproj", "{3435AD6A-F741-4EA0-9892-78148B95DFFB}"
EndProject
Project("{9A19103F-16F7-4668-BE54-9A1E7A4F7556}") = "NIF.Tests", "test\NIF.Test\NIF.Tests.csproj", "{BCABF5DD-B824-4856-BFDF-CBC3F7674ED2}"
EndProject
Global
	GlobalSection(SolutionConfigurationPlatforms) = preSolution
		Debug|Any CPU = Debug|Any CPU
		Release|Any CPU = Release|Any CPU
	EndGlobalSection
	GlobalSection(ProjectConfigurationPlatforms) = postSolution
		{3435AD6A-F741-4EA0-9892-78148B95DFFB}.Debug|Any CPU.ActiveCfg = Debug|Any CPU
		{3435AD6A-F741-4EA0-9892-78148B95DFFB}.Debug|Any CPU.Build.0 = Debug|Any CPU
		{3435AD6A-F741-4EA0-9892-78148B95DFFB}.Release|Any CPU.ActiveCfg = Release|Any CPU
		{3435AD6A-F741-4EA0-9892-78148B95DFFB}.Release|Any CPU.Build.0 = Release|Any CPU
		{BCABF5DD-B824-4856-BFDF-CBC3F7674ED2}.Debug|Any CPU.ActiveCfg = Debug|Any CPU
		{BCABF5DD-B824-4856-BFDF-CBC3F7674ED2}.Debug|Any CPU.Build.0 = Debug|Any CPU
		{BCABF5DD-B824-4856-BFDF-CBC3F7674ED2}.Release|Any CPU.ActiveCfg = Release|Any CPU
		{BCABF5DD-B824-4856-BFDF-CBC3F7674ED2}.Release|Any CPU.Build.0 = Release|Any CPU
	EndGlobalSection
	GlobalSection(SolutionProperties) = preSolution
		HideSolutionNode = FALSE
	EndGlobalSection
	GlobalSection(ExtensibilityGlobals) = postSolution
		SolutionGuid = {96D69361-D63F-4D03-8C98-260D3D0AFC2B}
	EndGlobalSection
EndGlobal
